
Microsoft Visual Studio Solution File, Format Version 12.00
# Visual Studio Version 17
VisualStudioVersion = 17.5.002.0
MinimumVisualStudioVersion = 10.0.40219.1
Project("{9A19103F-16F7-4668-BE54-9A1E7A4F7556}") = "AlgorithmTest1", "AlgorithmTest1.csproj", "{EF48A7E9-5202-4E24-88E7-E75CBE4F14BF}"
EndProject
Global
	GlobalSection(SolutionConfigurationPlatforms) = preSolution
		Debug|Any CPU = Debug|Any CPU
		Release|Any CPU = Release|Any CPU
	EndGlobalSection
	GlobalSection(ProjectConfigurationPlatforms) = postSolution
		{EF48A7E9-5202-4E24-88E7-E75CBE4F14BF}.Debug|Any CPU.ActiveCfg = Debug|Any CPU
		{EF48A7E9-5202-4E24-88E7-E75CBE4F14BF}.Debug|Any CPU.Build.0 = Debug|Any CPU
		{EF48A7E9-5202-4E24-88E7-E75CBE4F14BF}.Release|Any CPU.ActiveCfg = Release|Any CPU
		{EF48A7E9-5202-4E24-88E7-E75CBE4F14BF}.Release|Any CPU.Build.0 = Release|Any CPU
	EndGlobalSection
	GlobalSection(SolutionProperties) = preSolution
		HideSolutionNode = FALSE
	EndGlobalSection
	GlobalSection(ExtensibilityGlobals) = postSolution
		SolutionGuid = {57BB75E8-C7BC-445C-9953-CE26C6005AD7}
	EndGlobalSection
EndGlobal
